
Microsoft Visual Studio Solution File, Format Version 12.00
# Visual Studio 15
VisualStudioVersion = 15.0.26730.16
MinimumVisualStudioVersion = 10.0.40219.1
Project("{FAE04EC0-301F-11D3-BF4B-00C04F79EFBC}") = "EHentaiDownloader", "EHentaiDownloader\EHentaiDownloader.csproj", "{76131160-4677-4F14-81B4-A2E9FD0D61AF}"
EndProject
Project("{FAE04EC0-301F-11D3-BF4B-00C04F79EFBC}") = "ConsoleApp1", "ConsoleApp1\ConsoleApp1.csproj", "{5125A2A5-3B4A-4996-83CB-1FAB6EAB0AB8}"
EndProject
Global
	GlobalSection(SolutionConfigurationPlatforms) = preSolution
		Debug|Any CPU = Debug|Any CPU
		Release|Any CPU = Release|Any CPU
	EndGlobalSection
	GlobalSection(ProjectConfigurationPlatforms) = postSolution
		{76131160-4677-4F14-81B4-A2E9FD0D61AF}.Debug|Any CPU.ActiveCfg = Debug|Any CPU
		{76131160-4677-4F14-81B4-A2E9FD0D61AF}.Debug|Any CPU.Build.0 = Debug|Any CPU
		{76131160-4677-4F14-81B4-A2E9FD0D61AF}.Release|Any CPU.ActiveCfg = Release|Any CPU
		{76131160-4677-4F14-81B4-A2E9FD0D61AF}.Release|Any CPU.Build.0 = Release|Any CPU
		{5125A2A5-3B4A-4996-83CB-1FAB6EAB0AB8}.Debug|Any CPU.ActiveCfg = Debug|Any CPU
		{5125A2A5-3B4A-4996-83CB-1FAB6EAB0AB8}.Debug|Any CPU.Build.0 = Debug|Any CPU
		{5125A2A5-3B4A-4996-83CB-1FAB6EAB0AB8}.Release|Any CPU.ActiveCfg = Release|Any CPU
		{5125A2A5-3B4A-4996-83CB-1FAB6EAB0AB8}.Release|Any CPU.Build.0 = Release|Any CPU
	EndGlobalSection
	GlobalSection(SolutionProperties) = preSolution
		HideSolutionNode = FALSE
	EndGlobalSection
	GlobalSection(ExtensibilityGlobals) = postSolution
		SolutionGuid = {4B2855A0-EA73-426C-ABFF-A70CE2F7D6C5}
	EndGlobalSection
EndGlobal
